
Microsoft Visual Studio Solution File, Format Version 12.00
# Visual Studio Version 17
VisualStudioVersion = 17.6.33723.286
MinimumVisualStudioVersion = 10.0.40219.1
Project("{FAE04EC0-301F-11D3-BF4B-00C04F79EFBC}") = "PlatformService", "PlatformService.csproj", "{2C171CA9-7790-4E14-8D76-5FB8D8E04E9A}"
EndProject
Global
	GlobalSection(SolutionConfigurationPlatforms) = preSolution
		Debug|Any CPU = Debug|Any CPU
		Release|Any CPU = Release|Any CPU
	EndGlobalSection
	GlobalSection(ProjectConfigurationPlatforms) = postSolution
		{2C171CA9-7790-4E14-8D76-5FB8D8E04E9A}.Debug|Any CPU.ActiveCfg = Debug|Any CPU
		{2C171CA9-7790-4E14-8D76-5FB8D8E04E9A}.Debug|Any CPU.Build.0 = Debug|Any CPU
		{2C171CA9-7790-4E14-8D76-5FB8D8E04E9A}.Release|Any CPU.ActiveCfg = Release|Any CPU
		{2C171CA9-7790-4E14-8D76-5FB8D8E04E9A}.Release|Any CPU.Build.0 = Release|Any CPU
	EndGlobalSection
	GlobalSection(SolutionProperties) = preSolution
		HideSolutionNode = FALSE
	EndGlobalSection
	GlobalSection(ExtensibilityGlobals) = postSolution
		SolutionGuid = {4CD060C0-EEC5-4B7C-B645-D7555CAC56D3}
	EndGlobalSection
EndGlobal
